
Microsoft Visual Studio Solution File, Format Version 12.00
# Visual Studio 15
VisualStudioVersion = 15.0.28010.2041
MinimumVisualStudioVersion = 10.0.40219.1
Project("{FAE04EC0-301F-11D3-BF4B-00C04F79EFBC}") = "GeneticAlgorithm", "GeneticAlgorithm\GeneticAlgorithm.csproj", "{3ED8955F-E49D-4BB0-9BB8-70DDD2F0EAB2}"
EndProject
Global
	GlobalSection(SolutionConfigurationPlatforms) = preSolution
		Debug|Any CPU = Debug|Any CPU
		Release|Any CPU = Release|Any CPU
	EndGlobalSection
	GlobalSection(ProjectConfigurationPlatforms) = postSolution
		{3ED8955F-E49D-4BB0-9BB8-70DDD2F0EAB2}.Debug|Any CPU.ActiveCfg = Debug|Any CPU
		{3ED8955F-E49D-4BB0-9BB8-70DDD2F0EAB2}.Debug|Any CPU.Build.0 = Debug|Any CPU
		{3ED8955F-E49D-4BB0-9BB8-70DDD2F0EAB2}.Release|Any CPU.ActiveCfg = Release|Any CPU
		{3ED8955F-E49D-4BB0-9BB8-70DDD2F0EAB2}.Release|Any CPU.Build.0 = Release|Any CPU
	EndGlobalSection
	GlobalSection(SolutionProperties) = preSolution
		HideSolutionNode = FALSE
	EndGlobalSection
	GlobalSection(ExtensibilityGlobals) = postSolution
		SolutionGuid = {1D05BB7B-E7B7-47A4-B3E1-B470B05C1CAE}
	EndGlobalSection
EndGlobal
